[[package]]
name = "pocketsphinx"
version = "0.1.15"
description = "Python interface to CMU Sphinxbase and Pocketsphinx libraries"
category = "main"
optional = false
python-versions = "*"

[[package]]
name = "pyaudio"
version = "0.2.11"
description = "Bindings for PortAudio v19, the cross-platform audio input/output stream library."
category = "main"
optional = false
python-versions = "*"

[[package]]
name = "speechrecognition"
version = "3.8.1"
description = "Library for performing speech recognition, with support for several engines and APIs, online and offline."
category = "main"
optional = false
python-versions = "*"

[[package]]
name = "websockets"
version = "8.1"
description = "An implementation of the WebSocket Protocol (RFC 6455 & 7692)"
category = "main"
optional = false
python-versions = ">=3.6.1"

[metadata]
lock-version = "1.1"
python-versions = "3.8.5"
content-hash = "cbcc1f28763e12c28e2b9e0bf2fc458a937e453afce2ba10326de8ac873ce441"

[metadata.files]
pocketsphinx = [
    {file = "pocketsphinx-0.1.15-cp27-cp27m-macosx_10_10_x86_64.whl", hash = "sha256:f0fdfe162bc99590e8666251a55d6311ac4cb137482a871f93d38b1834251253"},
    {file = "pocketsphinx-0.1.15-cp27-cp27m-macosx_10_11_x86_64.whl", hash = "sha256:855c6761d008cdb4fc2d9aded5c1a0f163ce901f8b64075d36a88ae7814af755"},
    {file = "pocketsphinx-0.1.15-cp27-cp27m-macosx_10_12_x86_64.whl", hash = "sha256:e2a4f22cddec68e75e796068ae82095dd8dba1187aa3a8abe305bdc6c565e8b4"},
    {file = "pocketsphinx-0.1.15-cp27-cp27m-macosx_10_13_x86_64.whl", hash = "sha256:9b477fcf8829f53ab470fdcf3fa77db00d71eee321353d10b306f0e5b95e8591"},
    {file = "pocketsphinx-0.1.15-cp27-cp27m-win32.whl", hash = "sha256:1f3eaca1b49d579e89e909bb101ad033493a1c9dddd8c72afd6b755c70365d56"},
    {file = "pocketsphinx-0.1.15-cp27-cp27m-win_amd64.whl", hash = "sha256:41d2107b74597cf8444f9e36b91363d60097b4fa88a9c750760a85209deef439"},
    {file = "pocketsphinx-0.1.15-cp35-cp35m-win32.whl", hash = "sha256:3f438f9f5729a7629c122784697884cff5f2a2e022aef270a4081985d15eae88"},
    {file = "pocketsphinx-0.1.15-cp35-cp35m-win_amd64.whl", hash = "sha256:667152b4139ba46de172fa627404fe284b2ecd5d6bfcfe905b068801324ba7fb"},
    {file = "pocketsphinx-0.1.15-cp36-cp36m-macosx_10_10_x86_64.whl", hash = "sha256:8ca14694d7cc111796e63c13c61420553a43a29c63c386c975bfc213d8da3e55"},
    {file = "pocketsphinx-0.1.15-cp36-cp36m-macosx_10_11_x86_64.whl", hash = "sha256:bfbbeddb20196abbb04b8f7b5dc03628c7df0dc87e760326d76d37b27fb9d6f9"},
    {file = "pocketsphinx-0.1.15-cp36-cp36m-macosx_10_12_x86_64.whl", hash = "sha256:72286c3ecaa6641d426ca80bd4d1b3241c26b1703af419429ef779719e007443"},
    {file = "pocketsphinx-0.1.15-cp36-cp36m-macosx_10_13_x86_64.whl", hash = "sha256:1c2a8cc7f2032f9e8214f5e4e864511fe37bfd27f2045fbf8aed9c54569dc881"},
    {file = "pocketsphinx-0.1.15-cp36-cp36m-win32.whl", hash = "sha256:d20b497369bd108dd135b3d4eed1d3edd2c8b51b1b696e67600adbfff2fe3316"},
    {file = "pocketsphinx-0.1.15-cp36-cp36m-win_amd64.whl", hash = "sha256:71e7cf04433615e21ad3c28a2cc2daa43e96e570f2611f142eb3468f4f7789a6"},
    {file = "pocketsphinx-0.1.15.tar.gz", hash = "sha256:34d290745c7dbe6fa2cac9815b5c19d10f393e528ecd70e779c21ebc448f9b63"},
    {file = "pocketsphinx-0.1.15.win-amd64-py2.7.exe", hash = "sha256:cbbb96e5ff22cf06f144987aa209c77edf99e76764e4d671cbd4dda28825d192"},
    {file = "pocketsphinx-0.1.15.win-amd64-py3.5.exe", hash = "sha256:de4e4ae2c1ef412ad5519ca5fc44744a4374970a1f49d61417072808bf426c63"},
    {file = "pocketsphinx-0.1.15.win-amd64-py3.6.exe", hash = "sha256:7f48fcfd16c913a3475b1b58c132bd06c9ad5cd9cf1464c3d71fc4ad8a5ccc6f"},
    {file = "pocketsphinx-0.1.15.win32-py2.7.exe", hash = "sha256:fd54d61f226c8f3906ef948579249db999a8119069303cec5de48e770e0e2361"},
    {file = "pocketsphinx-0.1.15.win32-py3.5.exe", hash = "sha256:1fa4acdd2350d483a75ea2dc51d5698fdc240922f17069889cad70700710db2f"},
    {file = "pocketsphinx-0.1.15.win32-py3.6.exe", hash = "sha256:9f4068789d426c14052bcc184368aece4d6d9ecf998359e958194faffb9c3698"},
]
pyaudio = [
    {file = "PyAudio-0.2.11-cp27-cp27m-win32.whl", hash = "sha256:f78d543a98b730e64621ebf7f3e2868a79ade0a373882ef51c0293455ffa8e6e"},
    {file = "PyAudio-0.2.11-cp27-cp27m-win_amd64.whl", hash = "sha256:259bb9c1363be895b4f9a97e320a6017dd06bc540728c1a04eb4a7b6fe75035b"},
    {file = "PyAudio-0.2.11-cp34-cp34m-win32.whl", hash = "sha256:0d92f6a294565260a282f7c9a0b0d309fc8cc988b5ee5b50645634ab9e2da7f7"},
    {file = "PyAudio-0.2.11-cp34-cp34m-win_amd64.whl", hash = "sha256:589bfad2c615dd4b5d3757e763019c42ab82f06fba5cae64ec02fd7f5ae407ed"},
    {file = "PyAudio-0.2.11-cp35-cp35m-win32.whl", hash = "sha256:8f89075b4844ea94dde0c951c2937581c989fabd4df09bfd3f075035f50955df"},
    {file = "PyAudio-0.2.11-cp35-cp35m-win_amd64.whl", hash = "sha256:cf1543ba50bd44ac0d0ab5c035bb9c3127eb76047ff12235149d9adf86f532b6"},
    {file = "PyAudio-0.2.11-cp36-cp36m-win32.whl", hash = "sha256:51b558d1b28c68437b53218279110db44f69f3f5dd3d81859f569a4a96962bdc"},
    {file = "PyAudio-0.2.11-cp36-cp36m-win_amd64.whl", hash = "sha256:2a19bdb8ec1445b4f3e4b7b109e0e4cec1fd1f1ce588592aeb6db0b58d4fb3b0"},
    {file = "PyAudio-0.2.11.tar.gz", hash = "sha256:93bfde30e0b64e63a46f2fd77e85c41fd51182a4a3413d9edfaf9ffaa26efb74"},
]
speechrecognition = [
    {file = "SpeechRecognition-3.8.1-py2.py3-none-any.whl", hash = "sha256:4d8f73a0c05ec70331c3bacaa89ecc06dfa8d9aba0899276664cda06ab597e8e"},
]
websockets = [
    {file = "websockets-8.1-cp36-cp36m-macosx_10_6_intel.whl", hash = "sha256:3762791ab8b38948f0c4d281c8b2ddfa99b7e510e46bd8dfa942a5fff621068c"},
    {file = "websockets-8.1-cp36-cp36m-manylinux1_i686.whl", hash = "sha256:3db87421956f1b0779a7564915875ba774295cc86e81bc671631379371af1170"},
    {file = "websockets-8.1-cp36-cp36m-manylinux1_x86_64.whl", hash = "sha256:4f9f7d28ce1d8f1295717c2c25b732c2bc0645db3215cf757551c392177d7cb8"},
    {file = "websockets-8.1-cp36-cp36m-manylinux2010_i686.whl", hash = "sha256:295359a2cc78736737dd88c343cd0747546b2174b5e1adc223824bcaf3e164cb"},
    {file = "websockets-8.1-cp36-cp36m-manylinux2010_x86_64.whl", hash = "sha256:1d3f1bf059d04a4e0eb4985a887d49195e15ebabc42364f4eb564b1d065793f5"},
    {file = "websockets-8.1-cp36-cp36m-win32.whl", hash = "sha256:2db62a9142e88535038a6bcfea70ef9447696ea77891aebb730a333a51ed559a"},
    {file = "websockets-8.1-cp36-cp36m-win_amd64.whl", hash = "sha256:0e4fb4de42701340bd2353bb2eee45314651caa6ccee80dbd5f5d5978888fed5"},
    {file = "websockets-8.1-cp37-cp37m-macosx_10_6_intel.whl", hash = "sha256:9b248ba3dd8a03b1a10b19efe7d4f7fa41d158fdaa95e2cf65af5a7b95a4f989"},
    {file = "websockets-8.1-cp37-cp37m-manylinux1_i686.whl", hash = "sha256:ce85b06a10fc65e6143518b96d3dca27b081a740bae261c2fb20375801a9d56d"},
    {file = "websockets-8.1-cp37-cp37m-manylinux1_x86_64.whl", hash = "sha256:965889d9f0e2a75edd81a07592d0ced54daa5b0785f57dc429c378edbcffe779"},
    {file = "websockets-8.1-cp37-cp37m-manylinux2010_i686.whl", hash = "sha256:751a556205d8245ff94aeef23546a1113b1dd4f6e4d102ded66c39b99c2ce6c8"},
    {file = "websockets-8.1-cp37-cp37m-manylinux2010_x86_64.whl", hash = "sha256:3ef56fcc7b1ff90de46ccd5a687bbd13a3180132268c4254fc0fa44ecf4fc422"},
    {file = "websockets-8.1-cp37-cp37m-win32.whl", hash = "sha256:7ff46d441db78241f4c6c27b3868c9ae71473fe03341340d2dfdbe8d79310acc"},
    {file = "websockets-8.1-cp37-cp37m-win_amd64.whl", hash = "sha256:20891f0dddade307ffddf593c733a3fdb6b83e6f9eef85908113e628fa5a8308"},
    {file = "websockets-8.1-cp38-cp38-macosx_10_9_x86_64.whl", hash = "sha256:c1ec8db4fac31850286b7cd3b9c0e1b944204668b8eb721674916d4e28744092"},
    {file = "websockets-8.1-cp38-cp38-manylinux1_i686.whl", hash = "sha256:5c01fd846263a75bc8a2b9542606927cfad57e7282965d96b93c387622487485"},
    {file = "websockets-8.1-cp38-cp38-manylinux1_x86_64.whl", hash = "sha256:9bef37ee224e104a413f0780e29adb3e514a5b698aabe0d969a6ba426b8435d1"},
    {file = "websockets-8.1-cp38-cp38-manylinux2010_i686.whl", hash = "sha256:d705f8aeecdf3262379644e4b55107a3b55860eb812b673b28d0fbc347a60c55"},
    {file = "websockets-8.1-cp38-cp38-manylinux2010_x86_64.whl", hash = "sha256:c8a116feafdb1f84607cb3b14aa1418424ae71fee131642fc568d21423b51824"},
    {file = "websockets-8.1-cp38-cp38-win32.whl", hash = "sha256:e898a0863421650f0bebac8ba40840fc02258ef4714cb7e1fd76b6a6354bda36"},
    {file = "websockets-8.1-cp38-cp38-win_amd64.whl", hash = "sha256:f8a7bff6e8664afc4e6c28b983845c5bc14965030e3fb98789734d416af77c4b"},
    {file = "websockets-8.1.tar.gz", hash = "sha256:5c65d2da8c6bce0fca2528f69f44b2f977e06954c8512a952222cea50dad430f"},
]
